// !$*UTF8*$!
{
	archiveVersion = 1;
	classes = {
	};
	objectVersion = 50;
	objects = {

/* Begin PBXBuildFile section */
		1F8E43B98897931DF7582594 /* Pods_DemoProject.framework in Frameworks */ = {isa = PBXBuildFile; fileRef = D6A7FC01B182B5D03649EC5B /* Pods_DemoProject.framework */; };
		4FAF7DB12128298E00D71730 /* AppDelegate.swift in Sources */ = {isa = PBXBuildFile; fileRef = 4FAF7DB02128298E00D71730 /* AppDelegate.swift */; };
		4FAF7DB32128298E00D71730 /* ViewController.swift in Sources */ = {isa = PBXBuildFile; fileRef = 4FAF7DB22128298E00D71730 /* ViewController.swift */; };
		4FAF7DB62128298E00D71730 /* Main.storyboard in Resources */ = {isa = PBXBuildFile; fileRef = 4FAF7DB42128298E00D71730 /* Main.storyboard */; };
		4FAF7DBB2128298F00D71730 /* Assets.xcassets in Resources */ = {isa = PBXBuildFile; fileRef = 4FAF7DBA2128298F00D71730 /* Assets.xcassets */; };
		4FAF7DBE2128298F00D71730 /* LaunchScreen.storyboard in Resources */ = {isa = PBXBuildFile; fileRef = 4FAF7DBC2128298F00D71730 /* LaunchScreen.storyboard */; };
		4FAF7DC621282A7300D71730 /* Extension.swift in Sources */ = {isa = PBXBuildFile; fileRef = 4FAF7DC521282A7200D71730 /* Extension.swift */; };
		4FAF7DC821282C2600D71730 /* APIManager.swift in Sources */ = {isa = PBXBuildFile; fileRef = 4FAF7DC721282C2600D71730 /* APIManager.swift */; };
		4FC980F421648C18005BBD15 /* SQLLite.swift in Sources */ = {isa = PBXBuildFile; fileRef = 4FC980F321648C18005BBD15 /* SQLLite.swift */; };
		4FC980F621648D24005BBD15 /* coreData.swift in Sources */ = {isa = PBXBuildFile; fileRef = 4FC980F521648D24005BBD15 /* coreData.swift */; };
		4FC980F821649C00005BBD15 /* INAPPPurchaseViewController.swift in Sources */ = {isa = PBXBuildFile; fileRef = 4FC980F721649C00005BBD15 /* INAPPPurchaseViewController.swift */; };
		4FC980FC21649C62005BBD15 /* localization+string.swift in Sources */ = {isa = PBXBuildFile; fileRef = 4FC980FA21649C62005BBD15 /* localization+string.swift */; };
		4FC980FD21649C62005BBD15 /* Localizable.strings in Resources */ = {isa = PBXBuildFile; fileRef = 4FC980FB21649C62005BBD15 /* Localizable.strings */; };
		4FC9810021649C7E005BBD15 /* modelClass.swift in Sources */ = {isa = PBXBuildFile; fileRef = 4FC980FF21649C7E005BBD15 /* modelClass.swift */; };
		4FC9810321649C9F005BBD15 /* AppDelegate.swift in Sources */ = {isa = PBXBuildFile; fileRef = 4FC9810221649C9F005BBD15 /* AppDelegate.swift */; };
		4FC9810521649CCF005BBD15 /* GooglMapViewController.swift in Sources */ = {isa = PBXBuildFile; fileRef = 4FC9810421649CCF005BBD15 /* GooglMapViewController.swift */; };
		4FC9810721649CDE005BBD15 /* GoogleMapManager.swift in Sources */ = {isa = PBXBuildFile; fileRef = 4FC9810621649CDE005BBD15 /* GoogleMapManager.swift */; };
		4FC9810921649CE8005BBD15 /* LocationManager.swift in Sources */ = {isa = PBXBuildFile; fileRef = 4FC9810821649CE8005BBD15 /* LocationManager.swift */; };
		4FC9810B21649CEF005BBD15 /* PermisionManager.swift in Sources */ = {isa = PBXBuildFile; fileRef = 4FC9810A21649CEF005BBD15 /* PermisionManager.swift */; };
		4FC9810E21649D15005BBD15 /* Utility.swift in Sources */ = {isa = PBXBuildFile; fileRef = 4FC9810D21649D15005BBD15 /* Utility.swift */; };
		4FC9811021649D1C005BBD15 /* extention.swift in Sources */ = {isa = PBXBuildFile; fileRef = 4FC9810F21649D1C005BBD15 /* extention.swift */; };
		4FC9811221649D26005BBD15 /* Constant.swift in Sources */ = {isa = PBXBuildFile; fileRef = 4FC9811121649D26005BBD15 /* Constant.swift */; };
		4FC9811621649D41005BBD15 /* FirebaseChatViewController.swift in Sources */ = {isa = PBXBuildFile; fileRef = 4FC9811421649D41005BBD15 /* FirebaseChatViewController.swift */; };
		4FC9811721649D41005BBD15 /* FirebaseViewController.swift in Sources */ = {isa = PBXBuildFile; fileRef = 4FC9811521649D41005BBD15 /* FirebaseViewController.swift */; };
		4FC9811921649D4E005BBD15 /* FirebaseManager.swift in Sources */ = {isa = PBXBuildFile; fileRef = 4FC9811821649D4E005BBD15 /* FirebaseManager.swift */; };
/* End PBXBuildFile section */

/* Begin PBXFileReference section */
		1387F3529CC2236124BBF9F6 /* Pods-DemoProject.debug.xcconfig */ = {isa = PBXFileReference; includeInIndex = 1; lastKnownFileType = text.xcconfig; name = "Pods-DemoProject.debug.xcconfig"; path = "Pods/Target Support Files/Pods-DemoProject/Pods-DemoProject.debug.xcconfig"; sourceTree = "<group>"; };
		4FAF7DAD2128298E00D71730 /* DemoProject.app */ = {isa = PBXFileReference; explicitFileType = wrapper.application; includeInIndex = 0; path = DemoProject.app; sourceTree = BUILT_PRODUCTS_DIR; };
		4FAF7DB02128298E00D71730 /* AppDelegate.swift */ = {isa = PBXFileReference; lastKnownFileType = sourcecode.swift; path = AppDelegate.swift; sourceTree = "<group>"; };
		4FAF7DB22128298E00D71730 /* ViewController.swift */ = {isa = PBXFileReference; lastKnownFileType = sourcecode.swift; path = ViewController.swift; sourceTree = "<group>"; };
		4FAF7DB52128298E00D71730 /* Base */ = {isa = PBXFileReference; lastKnownFileType = file.storyboard; name = Base; path = Base.lproj/Main.storyboard; sourceTree = "<group>"; };
		4FAF7DBA2128298F00D71730 /* Assets.xcassets */ = {isa = PBXFileReference; lastKnownFileType = folder.assetcatalog; path = Assets.xcassets; sourceTree = "<group>"; };
		4FAF7DBD2128298F00D71730 /* Base */ = {isa = PBXFileReference; lastKnownFileType = file.storyboard; name = Base; path = Base.lproj/LaunchScreen.storyboard; sourceTree = "<group>"; };
		4FAF7DBF2128298F00D71730 /* Info.plist */ = {isa = PBXFileReference; lastKnownFileType = text.plist.xml; path = Info.plist; sourceTree = "<group>"; };
		4FAF7DC521282A7200D71730 /* Extension.swift */ = {isa = PBXFileReference; fileEncoding = 4; lastKnownFileType = sourcecode.swift; path = Extension.swift; sourceTree = "<group>"; };
		4FAF7DC721282C2600D71730 /* APIManager.swift */ = {isa = PBXFileReference; fileEncoding = 4; lastKnownFileType = sourcecode.swift; path = APIManager.swift; sourceTree = "<group>"; };
		4FC980F321648C18005BBD15 /* SQLLite.swift */ = {isa = PBXFileReference; lastKnownFileType = sourcecode.swift; path = SQLLite.swift; sourceTree = "<group>"; };
		4FC980F521648D24005BBD15 /* coreData.swift */ = {isa = PBXFileReference; lastKnownFileType = sourcecode.swift; path = coreData.swift; sourceTree = "<group>"; };
		4FC980F721649C00005BBD15 /* INAPPPurchaseViewController.swift */ = {isa = PBXFileReference; lastKnownFileType = sourcecode.swift; path = INAPPPurchaseViewController.swift; sourceTree = "<group>"; };
		4FC980FA21649C62005BBD15 /* localization+string.swift */ = {isa = PBXFileReference; fileEncoding = 4; lastKnownFileType = sourcecode.swift; path = "localization+string.swift"; sourceTree = "<group>"; };
		4FC980FB21649C62005BBD15 /* Localizable.strings */ = {isa = PBXFileReference; fileEncoding = 4; lastKnownFileType = text.plist.strings; path = Localizable.strings; sourceTree = "<group>"; };
		4FC980FF21649C7E005BBD15 /* modelClass.swift */ = {isa = PBXFileReference; fileEncoding = 4; lastKnownFileType = sourcecode.swift; path = modelClass.swift; sourceTree = "<group>"; };
		4FC9810221649C9F005BBD15 /* AppDelegate.swift */ = {isa = PBXFileReference; fileEncoding = 4; lastKnownFileType = sourcecode.swift; path = AppDelegate.swift; sourceTree = "<group>"; };
		4FC9810421649CCF005BBD15 /* GooglMapViewController.swift */ = {isa = PBXFileReference; fileEncoding = 4; lastKnownFileType = sourcecode.swift; path = GooglMapViewController.swift; sourceTree = "<group>"; };
		4FC9810621649CDE005BBD15 /* GoogleMapManager.swift */ = {isa = PBXFileReference; fileEncoding = 4; lastKnownFileType = sourcecode.swift; path = GoogleMapManager.swift; sourceTree = "<group>"; };
		4FC9810821649CE8005BBD15 /* LocationManager.swift */ = {isa = PBXFileReference; fileEncoding = 4; lastKnownFileType = sourcecode.swift; path = LocationManager.swift; sourceTree = "<group>"; };
		4FC9810A21649CEF005BBD15 /* PermisionManager.swift */ = {isa = PBXFileReference; fileEncoding = 4; lastKnownFileType = sourcecode.swift; path = PermisionManager.swift; sourceTree = "<group>"; };
		4FC9810D21649D15005BBD15 /* Utility.swift */ = {isa = PBXFileReference; fileEncoding = 4; lastKnownFileType = sourcecode.swift; path = Utility.swift; sourceTree = "<group>"; };
		4FC9810F21649D1C005BBD15 /* extention.swift */ = {isa = PBXFileReference; fileEncoding = 4; lastKnownFileType = sourcecode.swift; path = extention.swift; sourceTree = "<group>"; };
		4FC9811121649D26005BBD15 /* Constant.swift */ = {isa = PBXFileReference; fileEncoding = 4; lastKnownFileType = sourcecode.swift; path = Constant.swift; sourceTree = "<group>"; };
		4FC9811421649D41005BBD15 /* FirebaseChatViewController.swift */ = {isa = PBXFileReference; fileEncoding = 4; lastKnownFileType = sourcecode.swift; path = FirebaseChatViewController.swift; sourceTree = "<group>"; };
		4FC9811521649D41005BBD15 /* FirebaseViewController.swift */ = {isa = PBXFileReference; fileEncoding = 4; lastKnownFileType = sourcecode.swift; path = FirebaseViewController.swift; sourceTree = "<group>"; };
		4FC9811821649D4E005BBD15 /* FirebaseManager.swift */ = {isa = PBXFileReference; fileEncoding = 4; lastKnownFileType = sourcecode.swift; path = FirebaseManager.swift; sourceTree = "<group>"; };
		D6A7FC01B182B5D03649EC5B /* Pods_DemoProject.framework */ = {isa = PBXFileReference; explicitFileType = wrapper.framework; includeInIndex = 0; path = Pods_DemoProject.framework; sourceTree = BUILT_PRODUCTS_DIR; };
		E1F7ECB6B647864F7CE392F5 /* Pods-DemoProject.release.xcconfig */ = {isa = PBXFileReference; includeInIndex = 1; lastKnownFileType = text.xcconfig; name = "Pods-DemoProject.release.xcconfig"; path = "Pods/Target Support Files/Pods-DemoProject/Pods-DemoProject.release.xcconfig"; sourceTree = "<group>"; };
/* End PBXFileReference section */

/* Begin PBXFrameworksBuildPhase section */
		4FAF7DAA2128298E00D71730 /* Frameworks */ = {
			isa = PBXFrameworksBuildPhase;
			buildActionMask = 2147483647;
			files = (
				1F8E43B98897931DF7582594 /* Pods_DemoProject.framework in Frameworks */,
			);
			runOnlyForDeploymentPostprocessing = 0;
		};
/* End PBXFrameworksBuildPhase section */

/* Begin PBXGroup section */
		3895EDA5F6EA2023F3E46138 /* Pods */ = {
			isa = PBXGroup;
			children = (
				1387F3529CC2236124BBF9F6 /* Pods-DemoProject.debug.xcconfig */,
				E1F7ECB6B647864F7CE392F5 /* Pods-DemoProject.release.xcconfig */,
			);
			name = Pods;
			sourceTree = "<group>";
		};
		4FAF7DA42128298E00D71730 = {
			isa = PBXGroup;
			children = (
				4FAF7DAF2128298E00D71730 /* DemoProject */,
				4FAF7DAE2128298E00D71730 /* Products */,
				3895EDA5F6EA2023F3E46138 /* Pods */,
				B04EC77FAB8C0118BBC51506 /* Frameworks */,
			);
			sourceTree = "<group>";
		};
		4FAF7DAE2128298E00D71730 /* Products */ = {
			isa = PBXGroup;
			children = (
				4FAF7DAD2128298E00D71730 /* DemoProject.app */,
			);
			name = Products;
			sourceTree = "<group>";
		};
		4FAF7DAF2128298E00D71730 /* DemoProject */ = {
			isa = PBXGroup;
			children = (
				4FC9811321649D31005BBD15 /* Firebase */,
				4FC9810C21649D0B005BBD15 /* Utility */,
				4FC9810121649C8F005BBD15 /* GoogleMapIntegration */,
				4FC980FE21649C76005BBD15 /* Model */,
				4FC980F921649C4E005BBD15 /* Localization+String */,
				4FAF7DB02128298E00D71730 /* AppDelegate.swift */,
				4FAF7DC721282C2600D71730 /* APIManager.swift */,
				4FAF7DC521282A7200D71730 /* Extension.swift */,
				4FC980F321648C18005BBD15 /* SQLLite.swift */,
				4FC980F521648D24005BBD15 /* coreData.swift */,
				4FAF7DB22128298E00D71730 /* ViewController.swift */,
				4FC980F721649C00005BBD15 /* INAPPPurchaseViewController.swift */,
				4FAF7DB42128298E00D71730 /* Main.storyboard */,
				4FAF7DBA2128298F00D71730 /* Assets.xcassets */,
				4FAF7DBC2128298F00D71730 /* LaunchScreen.storyboard */,
				4FAF7DBF2128298F00D71730 /* Info.plist */,
			);
			path = DemoProject;
			sourceTree = "<group>";
		};
		4FC980F921649C4E005BBD15 /* Localization+String */ = {
			isa = PBXGroup;
			children = (
				4FC980FB21649C62005BBD15 /* Localizable.strings */,
				4FC980FA21649C62005BBD15 /* localization+string.swift */,
			);
			path = "Localization+String";
			sourceTree = "<group>";
		};
		4FC980FE21649C76005BBD15 /* Model */ = {
			isa = PBXGroup;
			children = (
				4FC980FF21649C7E005BBD15 /* modelClass.swift */,
			);
			path = Model;
			sourceTree = "<group>";
		};
		4FC9810121649C8F005BBD15 /* GoogleMapIntegration */ = {
			isa = PBXGroup;
			children = (
				4FC9810A21649CEF005BBD15 /* PermisionManager.swift */,
				4FC9810821649CE8005BBD15 /* LocationManager.swift */,
				4FC9810221649C9F005BBD15 /* AppDelegate.swift */,
				4FC9810621649CDE005BBD15 /* GoogleMapManager.swift */,
				4FC9810421649CCF005BBD15 /* GooglMapViewController.swift */,
			);
			path = GoogleMapIntegration;
			sourceTree = "<group>";
		};
		4FC9810C21649D0B005BBD15 /* Utility */ = {
			isa = PBXGroup;
			children = (
				4FC9810D21649D15005BBD15 /* Utility.swift */,
				4FC9811121649D26005BBD15 /* Constant.swift */,
				4FC9810F21649D1C005BBD15 /* extention.swift */,
			);
			path = Utility;
			sourceTree = "<group>";
		};
		4FC9811321649D31005BBD15 /* Firebase */ = {
			isa = PBXGroup;
			children = (
				4FC9811821649D4E005BBD15 /* FirebaseManager.swift */,
				4FC9811421649D41005BBD15 /* FirebaseChatViewController.swift */,
				4FC9811521649D41005BBD15 /* FirebaseViewController.swift */,
			);
			path = Firebase;
			sourceTree = "<group>";
		};
		B04EC77FAB8C0118BBC51506 /* Frameworks */ = {
			isa = PBXGroup;
			children = (
				D6A7FC01B182B5D03649EC5B /* Pods_DemoProject.framework */,
			);
			name = Frameworks;
			sourceTree = "<group>";
		};
/* End PBXGroup section */

/* Begin PBXNativeTarget section */
		4FAF7DAC2128298E00D71730 /* DemoProject */ = {
			isa = PBXNativeTarget;
			buildConfigurationList = 4FAF7DC22128298F00D71730 /* Build configuration list for PBXNativeTarget "DemoProject" */;
			buildPhases = (
				6F1285AAEDA0F17F7577439C /* [CP] Check Pods Manifest.lock */,
				4FAF7DA92128298E00D71730 /* Sources */,
				4FAF7DAA2128298E00D71730 /* Frameworks */,
				4FAF7DAB2128298E00D71730 /* Resources */,
				9971EF87C5E6D40DD0A916C0 /* [CP] Embed Pods Frameworks */,
			);
			buildRules = (
			);
			dependencies = (
			);
			name = DemoProject;
			productName = DemoProject;
			productReference = 4FAF7DAD2128298E00D71730 /* DemoProject.app */;
			productType = "com.apple.product-type.application";
		};
/* End PBXNativeTarget section */

/* Begin PBXProject section */
		4FAF7DA52128298E00D71730 /* Project object */ = {
			isa = PBXProject;
			attributes = {
				LastSwiftUpdateCheck = 0940;
				LastUpgradeCheck = 0940;
				ORGANIZATIONNAME = Foursense;
				TargetAttributes = {
					4FAF7DAC2128298E00D71730 = {
						CreatedOnToolsVersion = 9.4;
					};
				};
			};
			buildConfigurationList = 4FAF7DA82128298E00D71730 /* Build configuration list for PBXProject "DemoProject" */;
			compatibilityVersion = "Xcode 9.3";
			developmentRegion = en;
			hasScannedForEncodings = 0;
			knownRegions = (
				en,
				Base,
			);
			mainGroup = 4FAF7DA42128298E00D71730;
			productRefGroup = 4FAF7DAE2128298E00D71730 /* Products */;
			projectDirPath = "";
			projectRoot = "";
			targets = (
				4FAF7DAC2128298E00D71730 /* DemoProject */,
			);
		};
/* End PBXProject section */

/* Begin PBXResourcesBuildPhase section */
		4FAF7DAB2128298E00D71730 /* Resources */ = {
			isa = PBXResourcesBuildPhase;
			buildActionMask = 2147483647;
			files = (
				4FAF7DBE2128298F00D71730 /* LaunchScreen.storyboard in Resources */,
				4FC980FD21649C62005BBD15 /* Localizable.strings in Resources */,
				4FAF7DBB2128298F00D71730 /* Assets.xcassets in Resources */,
				4FAF7DB62128298E00D71730 /* Main.storyboard in Resources */,
			);
			runOnlyForDeploymentPostprocessing = 0;
		};
/* End PBXResourcesBuildPhase section */

/* Begin PBXShellScriptBuildPhase section */
		6F1285AAEDA0F17F7577439C /* [CP] Check Pods Manifest.lock */ = {
			isa = PBXShellScriptBuildPhase;
			buildActionMask = 2147483647;
			files = (
			);
			inputPaths = (
				"${PODS_PODFILE_DIR_PATH}/Podfile.lock",
				"${PODS_ROOT}/Manifest.lock",
			);
			name = "[CP] Check Pods Manifest.lock";
			outputPaths = (
				"$(DERIVED_FILE_DIR)/Pods-DemoProject-checkManifestLockResult.txt",
			);
			runOnlyForDeploymentPostprocessing = 0;
			shellPath = /bin/sh;
			shellScript = "diff \"${PODS_PODFILE_DIR_PATH}/Podfile.lock\" \"${PODS_ROOT}/Manifest.lock\" > /dev/null\nif [ $? != 0 ] ; then\n    # print error to STDERR\n    echo \"error: The sandbox is not in sync with the Podfile.lock. Run 'pod install' or update your CocoaPods installation.\" >&2\n    exit 1\nfi\n# This output is used by Xcode 'outputs' to avoid re-running this script phase.\necho \"SUCCESS\" > \"${SCRIPT_OUTPUT_FILE_0}\"\n";
			showEnvVarsInLog = 0;
		};
		9971EF87C5E6D40DD0A916C0 /* [CP] Embed Pods Frameworks */ = {
			isa = PBXShellScriptBuildPhase;
			buildActionMask = 2147483647;
			files = (
			);
			inputPaths = (
				"${SRCROOT}/Pods/Target Support Files/Pods-DemoProject/Pods-DemoProject-frameworks.sh",
				"${BUILT_PRODUCTS_DIR}/Alamofire/Alamofire.framework",
				"${BUILT_PRODUCTS_DIR}/IQKeyboardManager/IQKeyboardManager.framework",
				"${BUILT_PRODUCTS_DIR}/JTAppleCalendar/JTAppleCalendar.framework",
				"${BUILT_PRODUCTS_DIR}/KVNProgress/KVNProgress.framework",
				"${BUILT_PRODUCTS_DIR}/SDWebImage/SDWebImage.framework",
				"${BUILT_PRODUCTS_DIR}/SVProgressHUD/SVProgressHUD.framework",
			);
			name = "[CP] Embed Pods Frameworks";
			outputPaths = (
				"${TARGET_BUILD_DIR}/${FRAMEWORKS_FOLDER_PATH}/Alamofire.framework",
				"${TARGET_BUILD_DIR}/${FRAMEWORKS_FOLDER_PATH}/IQKeyboardManager.framework",
				"${TARGET_BUILD_DIR}/${FRAMEWORKS_FOLDER_PATH}/JTAppleCalendar.framework",
				"${TARGET_BUILD_DIR}/${FRAMEWORKS_FOLDER_PATH}/KVNProgress.framework",
				"${TARGET_BUILD_DIR}/${FRAMEWORKS_FOLDER_PATH}/SDWebImage.framework",
				"${TARGET_BUILD_DIR}/${FRAMEWORKS_FOLDER_PATH}/SVProgressHUD.framework",
			);
			runOnlyForDeploymentPostprocessing = 0;
			shellPath = /bin/sh;
			shellScript = "\"${SRCROOT}/Pods/Target Support Files/Pods-DemoProject/Pods-DemoProject-frameworks.sh\"\n";
			showEnvVarsInLog = 0;
		};
/* End PBXShellScriptBuildPhase section */

/* Begin PBXSourcesBuildPhase section */
		4FAF7DA92128298E00D71730 /* Sources */ = {
			isa = PBXSourcesBuildPhase;
			buildActionMask = 2147483647;
			files = (
				4FAF7DB32128298E00D71730 /* ViewController.swift in Sources */,
				4FC9811221649D26005BBD15 /* Constant.swift in Sources */,
				4FC980F421648C18005BBD15 /* SQLLite.swift in Sources */,
				4FC980F821649C00005BBD15 /* INAPPPurchaseViewController.swift in Sources */,
				4FC9810721649CDE005BBD15 /* GoogleMapManager.swift in Sources */,
				4FC9810B21649CEF005BBD15 /* PermisionManager.swift in Sources */,
				4FC9810E21649D15005BBD15 /* Utility.swift in Sources */,
				4FC980F621648D24005BBD15 /* coreData.swift in Sources */,
				4FC9811721649D41005BBD15 /* FirebaseViewController.swift in Sources */,
				4FC9811621649D41005BBD15 /* FirebaseChatViewController.swift in Sources */,
				4FAF7DC821282C2600D71730 /* APIManager.swift in Sources */,
				4FC9811021649D1C005BBD15 /* extention.swift in Sources */,
				4FC9811921649D4E005BBD15 /* FirebaseManager.swift in Sources */,
				4FC9810021649C7E005BBD15 /* modelClass.swift in Sources */,
				4FAF7DB12128298E00D71730 /* AppDelegate.swift in Sources */,
				4FAF7DC621282A7300D71730 /* Extension.swift in Sources */,
				4FC9810521649CCF005BBD15 /* GooglMapViewController.swift in Sources */,
				4FC9810321649C9F005BBD15 /* AppDelegate.swift in Sources */,
				4FC980FC21649C62005BBD15 /* localization+string.swift in Sources */,
				4FC9810921649CE8005BBD15 /* LocationManager.swift in Sources */,
			);
			runOnlyForDeploymentPostprocessing = 0;
		};
/* End PBXSourcesBuildPhase section */

/* Begin PBXVariantGroup section */
		4FAF7DB42128298E00D71730 /* Main.storyboard */ = {
			isa = PBXVariantGroup;
			children = (
				4FAF7DB52128298E00D71730 /* Base */,
			);
			name = Main.storyboard;
			sourceTree = "<group>";
		};
		4FAF7DBC2128298F00D71730 /* LaunchScreen.storyboard */ = {
			isa = PBXVariantGroup;
			children = (
				4FAF7DBD2128298F00D71730 /* Base */,
			);
			name = LaunchScreen.storyboard;
			sourceTree = "<group>";
		};
/* End PBXVariantGroup section */

/* Begin XCBuildConfiguration section */
		4FAF7DC02128298F00D71730 /* Debug */ = {
			isa = XCBuildConfiguration;
			buildSettings = {
				ALWAYS_SEARCH_USER_PATHS = NO;
				CLANG_ANALYZER_NONNULL = YES;
				CLANG_ANALYZER_NUMBER_OBJECT_CONVERSION = YES_AGGRESSIVE;
				CLANG_CXX_LANGUAGE_STANDARD = "gnu++14";
				CLANG_CXX_LIBRARY = "libc++";
				CLANG_ENABLE_MODULES = YES;
				CLANG_ENABLE_OBJC_ARC = YES;
				CLANG_ENABLE_OBJC_WEAK = YES;
				CLANG_WARN_BLOCK_CAPTURE_AUTORELEASING = YES;
				CLANG_WARN_BOOL_CONVERSION = YES;
				CLANG_WARN_COMMA = YES;
				CLANG_WARN_CONSTANT_CONVERSION = YES;
				CLANG_WARN_DEPRECATED_OBJC_IMPLEMENTATIONS = YES;
				CLANG_WARN_DIRECT_OBJC_ISA_USAGE = YES_ERROR;
				CLANG_WARN_DOCUMENTATION_COMMENTS = YES;
				CLANG_WARN_EMPTY_BODY = YES;
				CLANG_WARN_ENUM_CONVERSION = YES;
				CLANG_WARN_INFINITE_RECURSION = YES;
				CLANG_WARN_INT_CONVERSION = YES;
				CLANG_WARN_NON_LITERAL_NULL_CONVERSION = YES;
				CLANG_WARN_OBJC_IMPLICIT_RETAIN_SELF = YES;
				CLANG_WARN_OBJC_LITERAL_CONVERSION = YES;
				CLANG_WARN_OBJC_ROOT_CLASS = YES_ERROR;
				CLANG_WARN_RANGE_LOOP_ANALYSIS = YES;
				CLANG_WARN_STRICT_PROTOTYPES = YES;
				CLANG_WARN_SUSPICIOUS_MOVE = YES;
				CLANG_WARN_UNGUARDED_AVAILABILITY = YES_AGGRESSIVE;
				CLANG_WARN_UNREACHABLE_CODE = YES;
				CLANG_WARN__DUPLICATE_METHOD_MATCH = YES;
				CODE_SIGN_IDENTITY = "iPhone Developer";
				COPY_PHASE_STRIP = NO;
				DEBUG_INFORMATION_FORMAT = dwarf;
				ENABLE_STRICT_OBJC_MSGSEND = YES;
				ENABLE_TESTABILITY = YES;
				GCC_C_LANGUAGE_STANDARD = gnu11;
				GCC_DYNAMIC_NO_PIC = NO;
				GCC_NO_COMMON_BLOCKS = YES;
				GCC_OPTIMIZATION_LEVEL = 0;
				GCC_PREPROCESSOR_DEFINITIONS = (
					"DEBUG=1",
					"$(inherited)",
				);
				GCC_WARN_64_TO_32_BIT_CONVERSION = YES;
				GCC_WARN_ABOUT_RETURN_TYPE = YES_ERROR;
				GCC_WARN_UNDECLARED_SELECTOR = YES;
				GCC_WARN_UNINITIALIZED_AUTOS = YES_AGGRESSIVE;
				GCC_WARN_UNUSED_FUNCTION = YES;
				GCC_WARN_UNUSED_VARIABLE = YES;
				IPHONEOS_DEPLOYMENT_TARGET = 11.4;
				MTL_ENABLE_DEBUG_INFO = YES;
				ONLY_ACTIVE_ARCH = YES;
				SDKROOT = iphoneos;
				SWIFT_ACTIVE_COMPILATION_CONDITIONS = DEBUG;
				SWIFT_OPTIMIZATION_LEVEL = "-Onone";
			};
			name = Debug;
		};
		4FAF7DC12128298F00D71730 /* Release */ = {
			isa = XCBuildConfiguration;
			buildSettings = {
				ALWAYS_SEARCH_USER_PATHS = NO;
				CLANG_ANALYZER_NONNULL = YES;
				CLANG_ANALYZER_NUMBER_OBJECT_CONVERSION = YES_AGGRESSIVE;
				CLANG_CXX_LANGUAGE_STANDARD = "gnu++14";
				CLANG_CXX_LIBRARY = "libc++";
				CLANG_ENABLE_MODULES = YES;
				CLANG_ENABLE_OBJC_ARC = YES;
				CLANG_ENABLE_OBJC_WEAK = YES;
				CLANG_WARN_BLOCK_CAPTURE_AUTORELEASING = YES;
				CLANG_WARN_BOOL_CONVERSION = YES;
				CLANG_WARN_COMMA = YES;
				CLANG_WARN_CONSTANT_CONVERSION = YES;
				CLANG_WARN_DEPRECATED_OBJC_IMPLEMENTATIONS = YES;
				CLANG_WARN_DIRECT_OBJC_ISA_USAGE = YES_ERROR;
				CLANG_WARN_DOCUMENTATION_COMMENTS = YES;
				CLANG_WARN_EMPTY_BODY = YES;
				CLANG_WARN_ENUM_CONVERSION = YES;
				CLANG_WARN_INFINITE_RECURSION = YES;
				CLANG_WARN_INT_CONVERSION = YES;
				CLANG_WARN_NON_LITERAL_NULL_CONVERSION = YES;
				CLANG_WARN_OBJC_IMPLICIT_RETAIN_SELF = YES;
				CLANG_WARN_OBJC_LITERAL_CONVERSION = YES;
				CLANG_WARN_OBJC_ROOT_CLASS = YES_ERROR;
				CLANG_WARN_RANGE_LOOP_ANALYSIS = YES;
				CLANG_WARN_STRICT_PROTOTYPES = YES;
				CLANG_WARN_SUSPICIOUS_MOVE = YES;
				CLANG_WARN_UNGUARDED_AVAILABILITY = YES_AGGRESSIVE;
				CLANG_WARN_UNREACHABLE_CODE = YES;
				CLANG_WARN__DUPLICATE_METHOD_MATCH = YES;
				CODE_SIGN_IDENTITY = "iPhone Developer";
				COPY_PHASE_STRIP = NO;
				DEBUG_INFORMATION_FORMAT = "dwarf-with-dsym";
				ENABLE_NS_ASSERTIONS = NO;
				ENABLE_STRICT_OBJC_MSGSEND = YES;
				GCC_C_LANGUAGE_STANDARD = gnu11;
				GCC_NO_COMMON_BLOCKS = YES;
				GCC_WARN_64_TO_32_BIT_CONVERSION = YES;
				GCC_WARN_ABOUT_RETURN_TYPE = YES_ERROR;
				GCC_WARN_UNDECLARED_SELECTOR = YES;
				GCC_WARN_UNINITIALIZED_AUTOS = YES_AGGRESSIVE;
				GCC_WARN_UNUSED_FUNCTION = YES;
				GCC_WARN_UNUSED_VARIABLE = YES;
				IPHONEOS_DEPLOYMENT_TARGET = 11.4;
				MTL_ENABLE_DEBUG_INFO = NO;
				SDKROOT = iphoneos;
				SWIFT_COMPILATION_MODE = wholemodule;
				SWIFT_OPTIMIZATION_LEVEL = "-O";
				VALIDATE_PRODUCT = YES;
			};
			name = Release;
		};
		4FAF7DC32128298F00D71730 /* Debug */ = {
			isa = XCBuildConfiguration;
			baseConfigurationReference = 1387F3529CC2236124BBF9F6 /* Pods-DemoProject.debug.xcconfig */;
			buildSettings = {
				ASSETCATALOG_COMPILER_APPICON_NAME = AppIcon;
				CODE_SIGN_IDENTITY = "iPhone Developer";
				CODE_SIGN_STYLE = Automatic;
				DEVELOPMENT_TEAM = SXG4Q7L66M;
				INFOPLIST_FILE = DemoProject/Info.plist;
				LD_RUNPATH_SEARCH_PATHS = (
					"$(inherited)",
					"@executable_path/Frameworks",
				);
				PRODUCT_BUNDLE_IDENTIFIER = com.foursense.DemoProject;
				PRODUCT_NAME = "$(TARGET_NAME)";
				PROVISIONING_PROFILE_SPECIFIER = "";
				SWIFT_VERSION = 4.0;
				TARGETED_DEVICE_FAMILY = "1,2";
			};
			name = Debug;
		};
		4FAF7DC42128298F00D71730 /* Release */ = {
			isa = XCBuildConfiguration;
			baseConfigurationReference = E1F7ECB6B647864F7CE392F5 /* Pods-DemoProject.release.xcconfig */;
			buildSettings = {
				ASSETCATALOG_COMPILER_APPICON_NAME = AppIcon;
				CODE_SIGN_IDENTITY = "iPhone Developer";
				CODE_SIGN_STYLE = Automatic;
				DEVELOPMENT_TEAM = SXG4Q7L66M;
				INFOPLIST_FILE = DemoProject/Info.plist;
				LD_RUNPATH_SEARCH_PATHS = (
					"$(inherited)",
					"@executable_path/Frameworks",
				);
				PRODUCT_BUNDLE_IDENTIFIER = com.foursense.DemoProject;
				PRODUCT_NAME = "$(TARGET_NAME)";
				PROVISIONING_PROFILE_SPECIFIER = "";
				SWIFT_VERSION = 4.0;
				TARGETED_DEVICE_FAMILY = "1,2";
			};
			name = Release;
		};
/* End XCBuildConfiguration section */

/* Begin XCConfigurationList section */
		4FAF7DA82128298E00D71730 /* Build configuration list for PBXProject "DemoProject" */ = {
			isa = XCConfigurationList;
			buildConfigurations = (
				4FAF7DC02128298F00D71730 /* Debug */,
				4FAF7DC12128298F00D71730 /* Release */,
			);
			defaultConfigurationIsVisible = 0;
			defaultConfigurationName = Release;
		};
		4FAF7DC22128298F00D71730 /* Build configuration list for PBXNativeTarget "DemoProject" */ = {
			isa = XCConfigurationList;
			buildConfigurations = (
				4FAF7DC32128298F00D71730 /* Debug */,
				4FAF7DC42128298F00D71730 /* Release */,
			);
			defaultConfigurationIsVisible = 0;
			defaultConfigurationName = Release;
		};
/* End XCConfigurationList section */
	};
	rootObject = 4FAF7DA52128298E00D71730 /* Project object */;
}
